# This file is automatically @generated by Cargo.
# It is not intended for manual editing.
version = 4

[[package]]
name = "product-information-management"
version = "0.1.0"

[[package]]
name = "retailer-data-ingestion"
version = "0.1.0"

[[package]]
name = "retailer-management"
version = "0.1.0"

[[package]]
name = "retailer-offer"
version = "0.1.0"

[[package]]
name = "retailer-sourcing"
version = "0.1.0"
